
Microsoft Visual Studio Solution File, Format Version 12.00
# Visual Studio Version 17
VisualStudioVersion = 17.8.34511.84
MinimumVisualStudioVersion = 10.0.40219.1
Project("{FAE04EC0-301F-11D3-BF4B-00C04F79EFBC}") = "Hangman_WinForms", "Hangman_WinForms.csproj", "{DCEF9AC8-C99C-4E14-89BB-0CAD5996DA6F}"
EndProject
Global
	GlobalSection(SolutionConfigurationPlatforms) = preSolution
		Debug|Any CPU = Debug|Any CPU
		Release|Any CPU = Release|Any CPU
	EndGlobalSection
	GlobalSection(ProjectConfigurationPlatforms) = postSolution
		{DCEF9AC8-C99C-4E14-89BB-0CAD5996DA6F}.Debug|Any CPU.ActiveCfg = Debug|Any CPU
		{DCEF9AC8-C99C-4E14-89BB-0CAD5996DA6F}.Debug|Any CPU.Build.0 = Debug|Any CPU
		{DCEF9AC8-C99C-4E14-89BB-0CAD5996DA6F}.Release|Any CPU.ActiveCfg = Release|Any CPU
		{DCEF9AC8-C99C-4E14-89BB-0CAD5996DA6F}.Release|Any CPU.Build.0 = Release|Any CPU
	EndGlobalSection
	GlobalSection(SolutionProperties) = preSolution
		HideSolutionNode = FALSE
	EndGlobalSection
	GlobalSection(ExtensibilityGlobals) = postSolution
		SolutionGuid = {7761B92D-41B4-41AA-B972-64C8CC4ED0AE}
	EndGlobalSection
EndGlobal
